
Microsoft Visual Studio Solution File, Format Version 12.00
# Visual Studio Version 17
VisualStudioVersion = 17.4.33205.214
MinimumVisualStudioVersion = 10.0.40219.1
Project("{FAE04EC0-301F-11D3-BF4B-00C04F79EFBC}") = "WpfApp2btntextbox", "WpfApp2btntextbox\WpfApp2btntextbox.csproj", "{9B09EA4F-E72D-4165-ACAA-8AF435E09412}"
EndProject
Global
	GlobalSection(SolutionConfigurationPlatforms) = preSolution
		Debug|Any CPU = Debug|Any CPU
		Release|Any CPU = Release|Any CPU
	EndGlobalSection
	GlobalSection(ProjectConfigurationPlatforms) = postSolution
		{9B09EA4F-E72D-4165-ACAA-8AF435E09412}.Debug|Any CPU.ActiveCfg = Debug|Any CPU
		{9B09EA4F-E72D-4165-ACAA-8AF435E09412}.Debug|Any CPU.Build.0 = Debug|Any CPU
		{9B09EA4F-E72D-4165-ACAA-8AF435E09412}.Release|Any CPU.ActiveCfg = Release|Any CPU
		{9B09EA4F-E72D-4165-ACAA-8AF435E09412}.Release|Any CPU.Build.0 = Release|Any CPU
	EndGlobalSection
	GlobalSection(SolutionProperties) = preSolution
		HideSolutionNode = FALSE
	EndGlobalSection
	GlobalSection(ExtensibilityGlobals) = postSolution
		SolutionGuid = {616C1681-3135-40CF-B3FC-F9CE5AE012CA}
	EndGlobalSection
EndGlobal
